
Microsoft Visual Studio Solution File, Format Version 12.00
# Visual Studio 15
VisualStudioVersion = 15.0.27703.2000
MinimumVisualStudioVersion = 10.0.40219.1
Project("{FAE04EC0-301F-11D3-BF4B-00C04F79EFBC}") = "MyWebFormsApplication", "MyWebFormsApplication\MyWebFormsApplication.csproj", "{010DE336-710C-4442-8B50-866C5A6C24A7}"
EndProject
Global
	GlobalSection(SolutionConfigurationPlatforms) = preSolution
		Debug|Any CPU = Debug|Any CPU
		Release|Any CPU = Release|Any CPU
	EndGlobalSection
	GlobalSection(ProjectConfigurationPlatforms) = postSolution
		{010DE336-710C-4442-8B50-866C5A6C24A7}.Debug|Any CPU.ActiveCfg = Debug|Any CPU
		{010DE336-710C-4442-8B50-866C5A6C24A7}.Debug|Any CPU.Build.0 = Debug|Any CPU
		{010DE336-710C-4442-8B50-866C5A6C24A7}.Release|Any CPU.ActiveCfg = Release|Any CPU
		{010DE336-710C-4442-8B50-866C5A6C24A7}.Release|Any CPU.Build.0 = Release|Any CPU
	EndGlobalSection
	GlobalSection(SolutionProperties) = preSolution
		HideSolutionNode = FALSE
	EndGlobalSection
	GlobalSection(ExtensibilityGlobals) = postSolution
		SolutionGuid = {2408CD25-ECC9-4311-87A9-A57A041E31A6}
	EndGlobalSection
EndGlobal
